// !$*UTF8*$!
{
	archiveVersion = 1;
	classes = {
	};
	objectVersion = 46;
	objects = {

/* Begin PBXBuildFile section */
		B8C6A69A1B59944100A84748 /* AppDelegate.swift in Sources */ = {isa = PBXBuildFile; fileRef = B8C6A6991B59944100A84748 /* AppDelegate.swift */; };
		B8C6A69C1B59944100A84748 /* ViewController.swift in Sources */ = {isa = PBXBuildFile; fileRef = B8C6A69B1B59944100A84748 /* ViewController.swift */; };
		B8C6A69F1B59944100A84748 /* Main.storyboard in Resources */ = {isa = PBXBuildFile; fileRef = B8C6A69D1B59944100A84748 /* Main.storyboard */; };
		B8C6A6A11B59944100A84748 /* Images.xcassets in Resources */ = {isa = PBXBuildFile; fileRef = B8C6A6A01B59944100A84748 /* Images.xcassets */; };
		B8C6A6A41B59944100A84748 /* LaunchScreen.xib in Resources */ = {isa = PBXBuildFile; fileRef = B8C6A6A21B59944100A84748 /* LaunchScreen.xib */; };
		B8C6A6B01B59944200A84748 /* Where_Am_ITests.swift in Sources */ = {isa = PBXBuildFile; fileRef = B8C6A6AF1B59944200A84748 /* Where_Am_ITests.swift */; };
		B8C6A6BA1B59946500A84748 /* CoreLocation.framework in Frameworks */ = {isa = PBXBuildFile; fileRef = B8C6A6B91B59946500A84748 /* CoreLocation.framework */; };
/* End PBXBuildFile section */

/* Begin PBXContainerItemProxy section */
		B8C6A6AA1B59944200A84748 /* PBXContainerItemProxy */ = {
			isa = PBXContainerItemProxy;
			containerPortal = B8C6A68C1B59944100A84748 /* Project object */;
			proxyType = 1;
			remoteGlobalIDString = B8C6A6931B59944100A84748;
			remoteInfo = "Where Am I";
		};
/* End PBXContainerItemProxy section */

/* Begin PBXFileReference section */
		B8C6A6941B59944100A84748 /* Where Am I.app */ = {isa = PBXFileReference; explicitFileType = wrapper.application; includeInIndex = 0; path = "Where Am I.app"; sourceTree = BUILT_PRODUCTS_DIR; };
		B8C6A6981B59944100A84748 /* Info.plist */ = {isa = PBXFileReference; lastKnownFileType = text.plist.xml; path = Info.plist; sourceTree = "<group>"; };
		B8C6A6991B59944100A84748 /* AppDelegate.swift */ = {isa = PBXFileReference; lastKnownFileType = sourcecode.swift; path = AppDelegate.swift; sourceTree = "<group>"; };
		B8C6A69B1B59944100A84748 /* ViewController.swift */ = {isa = PBXFileReference; lastKnownFileType = sourcecode.swift; path = ViewController.swift; sourceTree = "<group>"; };
		B8C6A69E1B59944100A84748 /* Base */ = {isa = PBXFileReference; lastKnownFileType = file.storyboard; name = Base; path = Base.lproj/Main.storyboard; sourceTree = "<group>"; };
		B8C6A6A01B59944100A84748 /* Images.xcassets */ = {isa = PBXFileReference; lastKnownFileType = folder.assetcatalog; path = Images.xcassets; sourceTree = "<group>"; };
		B8C6A6A31B59944100A84748 /* Base */ = {isa = PBXFileReference; lastKnownFileType = file.xib; name = Base; path = Base.lproj/LaunchScreen.xib; sourceTree = "<group>"; };
		B8C6A6A91B59944200A84748 /* Where Am ITests.xctest */ = {isa = PBXFileReference; explicitFileType = wrapper.cfbundle; includeInIndex = 0; path = "Where Am ITests.xctest"; sourceTree = BUILT_PRODUCTS_DIR; };
		B8C6A6AE1B59944200A84748 /* Info.plist */ = {isa = PBXFileReference; lastKnownFileType = text.plist.xml; path = Info.plist; sourceTree = "<group>"; };
		B8C6A6AF1B59944200A84748 /* Where_Am_ITests.swift */ = {isa = PBXFileReference; lastKnownFileType = sourcecode.swift; path = Where_Am_ITests.swift; sourceTree = "<group>"; };
		B8C6A6B91B59946500A84748 /* CoreLocation.framework */ = {isa = PBXFileReference; lastKnownFileType = wrapper.framework; name = CoreLocation.framework; path = System/Library/Frameworks/CoreLocation.framework; sourceTree = SDKROOT; };
/* End PBXFileReference section */

/* Begin PBXFrameworksBuildPhase section */
		B8C6A6911B59944100A84748 /* Frameworks */ = {
			isa = PBXFrameworksBuildPhase;
			buildActionMask = 2147483647;
			files = (
				B8C6A6BA1B59946500A84748 /* CoreLocation.framework in Frameworks */,
			);
			runOnlyForDeploymentPostprocessing = 0;
		};
		B8C6A6A61B59944200A84748 /* Frameworks */ = {
			isa = PBXFrameworksBuildPhase;
			buildActionMask = 2147483647;
			files = (
			);
			runOnlyForDeploymentPostprocessing = 0;
		};
/* End PBXFrameworksBuildPhase section */

/* Begin PBXGroup section */
		B8C6A68B1B59944100A84748 = {
			isa = PBXGroup;
			children = (
				B8C6A6B91B59946500A84748 /* CoreLocation.framework */,
				B8C6A6961B59944100A84748 /* Where Am I */,
				B8C6A6AC1B59944200A84748 /* Where Am ITests */,
				B8C6A6951B59944100A84748 /* Products */,
			);
			sourceTree = "<group>";
		};
		B8C6A6951B59944100A84748 /* Products */ = {
			isa = PBXGroup;
			children = (
				B8C6A6941B59944100A84748 /* Where Am I.app */,
				B8C6A6A91B59944200A84748 /* Where Am ITests.xctest */,
			);
			name = Products;
			sourceTree = "<group>";
		};
		B8C6A6961B59944100A84748 /* Where Am I */ = {
			isa = PBXGroup;
			children = (
				B8C6A6991B59944100A84748 /* AppDelegate.swift */,
				B8C6A69B1B59944100A84748 /* ViewController.swift */,
				B8C6A69D1B59944100A84748 /* Main.storyboard */,
				B8C6A6A01B59944100A84748 /* Images.xcassets */,
				B8C6A6A21B59944100A84748 /* LaunchScreen.xib */,
				B8C6A6971B59944100A84748 /* Supporting Files */,
			);
			path = "Where Am I";
			sourceTree = "<group>";
		};
		B8C6A6971B59944100A84748 /* Supporting Files */ = {
			isa = PBXGroup;
			children = (
				B8C6A6981B59944100A84748 /* Info.plist */,
			);
			name = "Supporting Files";
			sourceTree = "<group>";
		};
		B8C6A6AC1B59944200A84748 /* Where Am ITests */ = {
			isa = PBXGroup;
			children = (
				B8C6A6AF1B59944200A84748 /* Where_Am_ITests.swift */,
				B8C6A6AD1B59944200A84748 /* Supporting Files */,
			);
			path = "Where Am ITests";
			sourceTree = "<group>";
		};
		B8C6A6AD1B59944200A84748 /* Supporting Files */ = {
			isa = PBXGroup;
			children = (
				B8C6A6AE1B59944200A84748 /* Info.plist */,
			);
			name = "Supporting Files";
			sourceTree = "<group>";
		};
/* End PBXGroup section */

/* Begin PBXNativeTarget section */
		B8C6A6931B59944100A84748 /* Where Am I */ = {
			isa = PBXNativeTarget;
			buildConfigurationList = B8C6A6B31B59944200A84748 /* Build configuration list for PBXNativeTarget "Where Am I" */;
			buildPhases = (
				B8C6A6901B59944100A84748 /* Sources */,
				B8C6A6911B59944100A84748 /* Frameworks */,
				B8C6A6921B59944100A84748 /* Resources */,
			);
			buildRules = (
			);
			dependencies = (
			);
			name = "Where Am I";
			productName = "Where Am I";
			productReference = B8C6A6941B59944100A84748 /* Where Am I.app */;
			productType = "com.apple.product-type.application";
		};
		B8C6A6A81B59944200A84748 /* Where Am ITests */ = {
			isa = PBXNativeTarget;
			buildConfigurationList = B8C6A6B61B59944200A84748 /* Build configuration list for PBXNativeTarget "Where Am ITests" */;
			buildPhases = (
				B8C6A6A51B59944200A84748 /* Sources */,
				B8C6A6A61B59944200A84748 /* Frameworks */,
				B8C6A6A71B59944200A84748 /* Resources */,
			);
			buildRules = (
			);
			dependencies = (
				B8C6A6AB1B59944200A84748 /* PBXTargetDependency */,
			);
			name = "Where Am ITests";
			productName = "Where Am ITests";
			productReference = B8C6A6A91B59944200A84748 /* Where Am ITests.xctest */;
			productType = "com.apple.product-type.bundle.unit-test";
		};
/* End PBXNativeTarget section */

/* Begin PBXProject section */
		B8C6A68C1B59944100A84748 /* Project object */ = {
			isa = PBXProject;
			attributes = {
				LastUpgradeCheck = 0640;
				ORGANIZATIONNAME = "Anton Antonov";
				TargetAttributes = {
					B8C6A6931B59944100A84748 = {
						CreatedOnToolsVersion = 6.4;
					};
					B8C6A6A81B59944200A84748 = {
						CreatedOnToolsVersion = 6.4;
						TestTargetID = B8C6A6931B59944100A84748;
					};
				};
			};
			buildConfigurationList = B8C6A68F1B59944100A84748 /* Build configuration list for PBXProject "Where Am I" */;
			compatibilityVersion = "Xcode 3.2";
			developmentRegion = English;
			hasScannedForEncodings = 0;
			knownRegions = (
				en,
				Base,
			);
			mainGroup = B8C6A68B1B59944100A84748;
			productRefGroup = B8C6A6951B59944100A84748 /* Products */;
			projectDirPath = "";
			projectRoot = "";
			targets = (
				B8C6A6931B59944100A84748 /* Where Am I */,
				B8C6A6A81B59944200A84748 /* Where Am ITests */,
			);
		};
/* End PBXProject section */

/* Begin PBXResourcesBuildPhase section */
		B8C6A6921B59944100A84748 /* Resources */ = {
			isa = PBXResourcesBuildPhase;
			buildActionMask = 2147483647;
			files = (
				B8C6A69F1B59944100A84748 /* Main.storyboard in Resources */,
				B8C6A6A41B59944100A84748 /* LaunchScreen.xib in Resources */,
				B8C6A6A11B59944100A84748 /* Images.xcassets in Resources */,
			);
			runOnlyForDeploymentPostprocessing = 0;
		};
		B8C6A6A71B59944200A84748 /* Resources */ = {
			isa = PBXResourcesBuildPhase;
			buildActionMask = 2147483647;
			files = (
			);
			runOnlyForDeploymentPostprocessing = 0;
		};
/* End PBXResourcesBuildPhase section */

/* Begin PBXSourcesBuildPhase section */
		B8C6A6901B59944100A84748 /* Sources */ = {
			isa = PBXSourcesBuildPhase;
			buildActionMask = 2147483647;
			files = (
				B8C6A69C1B59944100A84748 /* ViewController.swift in Sources */,
				B8C6A69A1B59944100A84748 /* AppDelegate.swift in Sources */,
			);
			runOnlyForDeploymentPostprocessing = 0;
		};
		B8C6A6A51B59944200A84748 /* Sources */ = {
			isa = PBXSourcesBuildPhase;
			buildActionMask = 2147483647;
			files = (
				B8C6A6B01B59944200A84748 /* Where_Am_ITests.swift in Sources */,
			);
			runOnlyForDeploymentPostprocessing = 0;
		};
/* End PBXSourcesBuildPhase section */

/* Begin PBXTargetDependency section */
		B8C6A6AB1B59944200A84748 /* PBXTargetDependency */ = {
			isa = PBXTargetDependency;
			target = B8C6A6931B59944100A84748 /* Where Am I */;
			targetProxy = B8C6A6AA1B59944200A84748 /* PBXContainerItemProxy */;
		};
/* End PBXTargetDependency section */

/* Begin PBXVariantGroup section */
		B8C6A69D1B59944100A84748 /* Main.storyboard */ = {
			isa = PBXVariantGroup;
			children = (
				B8C6A69E1B59944100A84748 /* Base */,
			);
			name = Main.storyboard;
			sourceTree = "<group>";
		};
		B8C6A6A21B59944100A84748 /* LaunchScreen.xib */ = {
			isa = PBXVariantGroup;
			children = (
				B8C6A6A31B59944100A84748 /* Base */,
			);
			name = LaunchScreen.xib;
			sourceTree = "<group>";
		};
/* End PBXVariantGroup section */

/* Begin XCBuildConfiguration section */
		B8C6A6B11B59944200A84748 /* Debug */ = {
			isa = XCBuildConfiguration;
			buildSettings = {
				ALWAYS_SEARCH_USER_PATHS = NO;
				CLANG_CXX_LANGUAGE_STANDARD = "gnu++0x";
				CLANG_CXX_LIBRARY = "libc++";
				CLANG_ENABLE_MODULES = YES;
				CLANG_ENABLE_OBJC_ARC = YES;
				CLANG_WARN_BOOL_CONVERSION = YES;
				CLANG_WARN_CONSTANT_CONVERSION = YES;
				CLANG_WARN_DIRECT_OBJC_ISA_USAGE = YES_ERROR;
				CLANG_WARN_EMPTY_BODY = YES;
				CLANG_WARN_ENUM_CONVERSION = YES;
				CLANG_WARN_INT_CONVERSION = YES;
				CLANG_WARN_OBJC_ROOT_CLASS = YES_ERROR;
				CLANG_WARN_UNREACHABLE_CODE = YES;
				CLANG_WARN__DUPLICATE_METHOD_MATCH = YES;
				"CODE_SIGN_IDENTITY[sdk=iphoneos*]" = "iPhone Developer";
				COPY_PHASE_STRIP = NO;
				DEBUG_INFORMATION_FORMAT = "dwarf-with-dsym";
				ENABLE_STRICT_OBJC_MSGSEND = YES;
				GCC_C_LANGUAGE_STANDARD = gnu99;
				GCC_DYNAMIC_NO_PIC = NO;
				GCC_NO_COMMON_BLOCKS = YES;
				GCC_OPTIMIZATION_LEVEL = 0;
				GCC_PREPROCESSOR_DEFINITIONS = (
					"DEBUG=1",
					"$(inherited)",
				);
				GCC_SYMBOLS_PRIVATE_EXTERN = NO;
				GCC_WARN_64_TO_32_BIT_CONVERSION = YES;
				GCC_WARN_ABOUT_RETURN_TYPE = YES_ERROR;
				GCC_WARN_UNDECLARED_SELECTOR = YES;
				GCC_WARN_UNINITIALIZED_AUTOS = YES_AGGRESSIVE;
				GCC_WARN_UNUSED_FUNCTION = YES;
				GCC_WARN_UNUSED_VARIABLE = YES;
				IPHONEOS_DEPLOYMENT_TARGET = 8.4;
				MTL_ENABLE_DEBUG_INFO = YES;
				ONLY_ACTIVE_ARCH = YES;
				SDKROOT = iphoneos;
				SWIFT_OPTIMIZATION_LEVEL = "-Onone";
			};
			name = Debug;
		};
		B8C6A6B21B59944200A84748 /* Release */ = {
			isa = XCBuildConfiguration;
			buildSettings = {
				ALWAYS_SEARCH_USER_PATHS = NO;
				CLANG_CXX_LANGUAGE_STANDARD = "gnu++0x";
				CLANG_CXX_LIBRARY = "libc++";
				CLANG_ENABLE_MODULES = YES;
				CLANG_ENABLE_OBJC_ARC = YES;
				CLANG_WARN_BOOL_CONVERSION = YES;
				CLANG_WARN_CONSTANT_CONVERSION = YES;
				CLANG_WARN_DIRECT_OBJC_ISA_USAGE = YES_ERROR;
				CLANG_WARN_EMPTY_BODY = YES;
				CLANG_WARN_ENUM_CONVERSION = YES;
				CLANG_WARN_INT_CONVERSION = YES;
				CLANG_WARN_OBJC_ROOT_CLASS = YES_ERROR;
				CLANG_WARN_UNREACHABLE_CODE = YES;
				CLANG_WARN__DUPLICATE_METHOD_MATCH = YES;
				"CODE_SIGN_IDENTITY[sdk=iphoneos*]" = "iPhone Developer";
				COPY_PHASE_STRIP = NO;
				DEBUG_INFORMATION_FORMAT = "dwarf-with-dsym";
				ENABLE_NS_ASSERTIONS = NO;
				ENABLE_STRICT_OBJC_MSGSEND = YES;
				GCC_C_LANGUAGE_STANDARD = gnu99;
				GCC_NO_COMMON_BLOCKS = YES;
				GCC_WARN_64_TO_32_BIT_CONVERSION = YES;
				GCC_WARN_ABOUT_RETURN_TYPE = YES_ERROR;
				GCC_WARN_UNDECLARED_SELECTOR = YES;
				GCC_WARN_UNINITIALIZED_AUTOS = YES_AGGRESSIVE;
				GCC_WARN_UNUSED_FUNCTION = YES;
				GCC_WARN_UNUSED_VARIABLE = YES;
				IPHONEOS_DEPLOYMENT_TARGET = 8.4;
				MTL_ENABLE_DEBUG_INFO = NO;
				SDKROOT = iphoneos;
				VALIDATE_PRODUCT = YES;
			};
			name = Release;
		};
		B8C6A6B41B59944200A84748 /* Debug */ = {
			isa = XCBuildConfiguration;
			buildSettings = {
				ASSETCATALOG_COMPILER_APPICON_NAME = AppIcon;
				INFOPLIST_FILE = "Where Am I/Info.plist";
				LD_RUNPATH_SEARCH_PATHS = "$(inherited) @executable_path/Frameworks";
				PRODUCT_NAME = "$(TARGET_NAME)";
			};
			name = Debug;
		};
		B8C6A6B51B59944200A84748 /* Release */ = {
			isa = XCBuildConfiguration;
			buildSettings = {
				ASSETCATALOG_COMPILER_APPICON_NAME = AppIcon;
				INFOPLIST_FILE = "Where Am I/Info.plist";
				LD_RUNPATH_SEARCH_PATHS = "$(inherited) @executable_path/Frameworks";
				PRODUCT_NAME = "$(TARGET_NAME)";
			};
			name = Release;
		};
		B8C6A6B71B59944200A84748 /* Debug */ = {
			isa = XCBuildConfiguration;
			buildSettings = {
				BUNDLE_LOADER = "$(TEST_HOST)";
				FRAMEWORK_SEARCH_PATHS = (
					"$(SDKROOT)/Developer/Library/Frameworks",
					"$(inherited)",
				);
				GCC_PREPROCESSOR_DEFINITIONS = (
					"DEBUG=1",
					"$(inherited)",
				);
				INFOPLIST_FILE = "Where Am ITests/Info.plist";
				LD_RUNPATH_SEARCH_PATHS = "$(inherited) @executable_path/Frameworks @loader_path/Frameworks";
				PRODUCT_NAME = "$(TARGET_NAME)";
				TEST_HOST = "$(BUILT_PRODUCTS_DIR)/Where Am I.app/Where Am I";
			};
			name = Debug;
		};
		B8C6A6B81B59944200A84748 /* Release */ = {
			isa = XCBuildConfiguration;
			buildSettings = {
				BUNDLE_LOADER = "$(TEST_HOST)";
				FRAMEWORK_SEARCH_PATHS = (
					"$(SDKROOT)/Developer/Library/Frameworks",
					"$(inherited)",
				);
				INFOPLIST_FILE = "Where Am ITests/Info.plist";
				LD_RUNPATH_SEARCH_PATHS = "$(inherited) @executable_path/Frameworks @loader_path/Frameworks";
				PRODUCT_NAME = "$(TARGET_NAME)";
				TEST_HOST = "$(BUILT_PRODUCTS_DIR)/Where Am I.app/Where Am I";
			};
			name = Release;
		};
/* End XCBuildConfiguration section */

/* Begin XCConfigurationList section */
		B8C6A68F1B59944100A84748 /* Build configuration list for PBXProject "Where Am I" */ = {
			isa = XCConfigurationList;
			buildConfigurations = (
				B8C6A6B11B59944200A84748 /* Debug */,
				B8C6A6B21B59944200A84748 /* Release */,
			);
			defaultConfigurationIsVisible = 0;
			defaultConfigurationName = Release;
		};
		B8C6A6B31B59944200A84748 /* Build configuration list for PBXNativeTarget "Where Am I" */ = {
			isa = XCConfigurationList;
			buildConfigurations = (
				B8C6A6B41B59944200A84748 /* Debug */,
				B8C6A6B51B59944200A84748 /* Release */,
			);
			defaultConfigurationIsVisible = 0;
		};
		B8C6A6B61B59944200A84748 /* Build configuration list for PBXNativeTarget "Where Am ITests" */ = {
			isa = XCConfigurationList;
			buildConfigurations = (
				B8C6A6B71B59944200A84748 /* Debug */,
				B8C6A6B81B59944200A84748 /* Release */,
			);
			defaultConfigurationIsVisible = 0;
		};
/* End XCConfigurationList section */
	};
	rootObject = B8C6A68C1B59944100A84748 /* Project object */;
}
